
Microsoft Visual Studio Solution File, Format Version 11.00
# Visual Studio 2010
Project("{FAE04EC0-301F-11D3-BF4B-00C04F79EFBC}") = "Training", "Training\Training.csproj", "{8616CD7E-9550-4388-B02F-158D465A7252}"
EndProject
Project("{E24C65DC-7377-472B-9ABA-BC803B73C61A}") = "Web", "Web", "{1BF6D135-DB45-4DCE-A0A2-C288E947735A}"
	ProjectSection(WebsiteProperties) = preProject
		TargetFrameworkMoniker = ".NETFramework,Version%3Dv4.0"
		ProjectReferences = "{832863D4-655D-4D45-B7A5-C25903C06FED}|DAL.dll;"
		Debug.AspNetCompiler.VirtualPath = "/Web"
		Debug.AspNetCompiler.PhysicalPath = "Web\"
		Debug.AspNetCompiler.TargetPath = "PrecompiledWeb\Web\"
		Debug.AspNetCompiler.Updateable = "true"
		Debug.AspNetCompiler.ForceOverwrite = "true"
		Debug.AspNetCompiler.FixedNames = "false"
		Debug.AspNetCompiler.Debug = "True"
		Release.AspNetCompiler.VirtualPath = "/Web"
		Release.AspNetCompiler.PhysicalPath = "Web\"
		Release.AspNetCompiler.TargetPath = "PrecompiledWeb\Web\"
		Release.AspNetCompiler.Updateable = "true"
		Release.AspNetCompiler.ForceOverwrite = "true"
		Release.AspNetCompiler.FixedNames = "false"
		Release.AspNetCompiler.Debug = "False"
		VWDPort = "6548"
		DefaultWebSiteLanguage = "Visual C#"
	EndProjectSection
EndProject
Project("{FAE04EC0-301F-11D3-BF4B-00C04F79EFBC}") = "DAL", "DAL\DAL.csproj", "{832863D4-655D-4D45-B7A5-C25903C06FED}"
EndProject
Project("{FAE04EC0-301F-11D3-BF4B-00C04F79EFBC}") = "BLL", "BLL\BLL.csproj", "{4D03C4CA-63E1-4FEA-B758-DE166A5F71F0}"
EndProject
Global
	GlobalSection(SolutionConfigurationPlatforms) = preSolution
		Debug|Any CPU = Debug|Any CPU
		Release|Any CPU = Release|Any CPU
	EndGlobalSection
	GlobalSection(ProjectConfigurationPlatforms) = postSolution
		{8616CD7E-9550-4388-B02F-158D465A7252}.Debug|Any CPU.ActiveCfg = Debug|Any CPU
		{8616CD7E-9550-4388-B02F-158D465A7252}.Debug|Any CPU.Build.0 = Debug|Any CPU
		{8616CD7E-9550-4388-B02F-158D465A7252}.Release|Any CPU.ActiveCfg = Release|Any CPU
		{8616CD7E-9550-4388-B02F-158D465A7252}.Release|Any CPU.Build.0 = Release|Any CPU
		{1BF6D135-DB45-4DCE-A0A2-C288E947735A}.Debug|Any CPU.ActiveCfg = Debug|Any CPU
		{1BF6D135-DB45-4DCE-A0A2-C288E947735A}.Debug|Any CPU.Build.0 = Debug|Any CPU
		{1BF6D135-DB45-4DCE-A0A2-C288E947735A}.Release|Any CPU.ActiveCfg = Debug|Any CPU
		{1BF6D135-DB45-4DCE-A0A2-C288E947735A}.Release|Any CPU.Build.0 = Debug|Any CPU
		{832863D4-655D-4D45-B7A5-C25903C06FED}.Debug|Any CPU.ActiveCfg = Debug|Any CPU
		{832863D4-655D-4D45-B7A5-C25903C06FED}.Debug|Any CPU.Build.0 = Debug|Any CPU
		{832863D4-655D-4D45-B7A5-C25903C06FED}.Release|Any CPU.ActiveCfg = Release|Any CPU
		{832863D4-655D-4D45-B7A5-C25903C06FED}.Release|Any CPU.Build.0 = Release|Any CPU
		{4D03C4CA-63E1-4FEA-B758-DE166A5F71F0}.Debug|Any CPU.ActiveCfg = Debug|Any CPU
		{4D03C4CA-63E1-4FEA-B758-DE166A5F71F0}.Debug|Any CPU.Build.0 = Debug|Any CPU
		{4D03C4CA-63E1-4FEA-B758-DE166A5F71F0}.Release|Any CPU.ActiveCfg = Release|Any CPU
		{4D03C4CA-63E1-4FEA-B758-DE166A5F71F0}.Release|Any CPU.Build.0 = Release|Any CPU
	EndGlobalSection
	GlobalSection(SolutionProperties) = preSolution
		HideSolutionNode = FALSE
	EndGlobalSection
EndGlobal
